
Microsoft Visual Studio Solution File, Format Version 12.00
# Visual Studio Version 17
VisualStudioVersion = 17.8.34330.188
MinimumVisualStudioVersion = 10.0.40219.1
Project("{FAE04EC0-301F-11D3-BF4B-00C04F79EFBC}") = "dingus", "dingus\dingus.csproj", "{7321F530-21AA-4F45-8056-F197C7059FAF}"
EndProject
Global
	GlobalSection(SolutionConfigurationPlatforms) = preSolution
		Debug|Any CPU = Debug|Any CPU
		Release|Any CPU = Release|Any CPU
	EndGlobalSection
	GlobalSection(ProjectConfigurationPlatforms) = postSolution
		{7321F530-21AA-4F45-8056-F197C7059FAF}.Debug|Any CPU.ActiveCfg = Debug|Any CPU
		{7321F530-21AA-4F45-8056-F197C7059FAF}.Debug|Any CPU.Build.0 = Debug|Any CPU
		{7321F530-21AA-4F45-8056-F197C7059FAF}.Release|Any CPU.ActiveCfg = Release|Any CPU
		{7321F530-21AA-4F45-8056-F197C7059FAF}.Release|Any CPU.Build.0 = Release|Any CPU
	EndGlobalSection
	GlobalSection(SolutionProperties) = preSolution
		HideSolutionNode = FALSE
	EndGlobalSection
	GlobalSection(ExtensibilityGlobals) = postSolution
		SolutionGuid = {F9B5456A-C4EE-4997-BB8B-ADE72756087C}
	EndGlobalSection
EndGlobal
